
Microsoft Visual Studio Solution File, Format Version 12.00
# Visual Studio Version 17
VisualStudioVersion = 17.0.31903.59
MinimumVisualStudioVersion = 10.0.40219.1
Project("{FAE04EC0-301F-11D3-BF4B-00C04F79EFBC}") = "Assignment4.model", "Assignment4.model\Assignment4.model.csproj", "{38F0F9F8-8787-4F5A-955D-67E19620739E}"
EndProject
Project("{FAE04EC0-301F-11D3-BF4B-00C04F79EFBC}") = "Assignment4Webapi", "Assignment4Webapi\Assignment4Webapi.csproj", "{CBCF63B8-3E57-4DDC-A947-2F9B2CCEE71A}"
EndProject
Project("{FAE04EC0-301F-11D3-BF4B-00C04F79EFBC}") = "Assignmnet4Mvc", "Assignment4Mvc\Assignmnet4Mvc.csproj", "{6026A452-7C29-4A59-8E57-02003ADA3ED0}"
EndProject
Global
	GlobalSection(SolutionConfigurationPlatforms) = preSolution
		Debug|Any CPU = Debug|Any CPU
		Release|Any CPU = Release|Any CPU
	EndGlobalSection
	GlobalSection(SolutionProperties) = preSolution
		HideSolutionNode = FALSE
	EndGlobalSection
	GlobalSection(ProjectConfigurationPlatforms) = postSolution
		{38F0F9F8-8787-4F5A-955D-67E19620739E}.Debug|Any CPU.ActiveCfg = Debug|Any CPU
		{38F0F9F8-8787-4F5A-955D-67E19620739E}.Debug|Any CPU.Build.0 = Debug|Any CPU
		{38F0F9F8-8787-4F5A-955D-67E19620739E}.Release|Any CPU.ActiveCfg = Release|Any CPU
		{38F0F9F8-8787-4F5A-955D-67E19620739E}.Release|Any CPU.Build.0 = Release|Any CPU
		{CBCF63B8-3E57-4DDC-A947-2F9B2CCEE71A}.Debug|Any CPU.ActiveCfg = Debug|Any CPU
		{CBCF63B8-3E57-4DDC-A947-2F9B2CCEE71A}.Debug|Any CPU.Build.0 = Debug|Any CPU
		{CBCF63B8-3E57-4DDC-A947-2F9B2CCEE71A}.Release|Any CPU.ActiveCfg = Release|Any CPU
		{CBCF63B8-3E57-4DDC-A947-2F9B2CCEE71A}.Release|Any CPU.Build.0 = Release|Any CPU
		{6026A452-7C29-4A59-8E57-02003ADA3ED0}.Debug|Any CPU.ActiveCfg = Debug|Any CPU
		{6026A452-7C29-4A59-8E57-02003ADA3ED0}.Debug|Any CPU.Build.0 = Debug|Any CPU
		{6026A452-7C29-4A59-8E57-02003ADA3ED0}.Release|Any CPU.ActiveCfg = Release|Any CPU
		{6026A452-7C29-4A59-8E57-02003ADA3ED0}.Release|Any CPU.Build.0 = Release|Any CPU
	EndGlobalSection
EndGlobal
